{
    "version": 3,
    "terraform_version": "0.11.8",
    "serial": 8,
    "lineage": "2ef2b949-7818-302c-87af-122df6cdb0fd",
    "modules": [
        {
            "path": [
                "root"
            ],
            "outputs": {},
            "resources": {
                "azurerm_network_interface.nic": {
                    "type": "azurerm_network_interface",
                    "depends_on": [
                        "azurerm_public_ip.publicIP1",
                        "azurerm_resource_group.dev-group",
                        "azurerm_subnet.subnet1"
                    ],
                    "primary": {
                        "id": "/subscriptions/f68f7929-7edd-453f-8ae5-b0bc3add920f/resourceGroups/dev-group/providers/Microsoft.Network/networkInterfaces/NIC",
                        "attributes": {
                            "applied_dns_servers.#": "0",
                            "dns_servers.#": "0",
                            "enable_accelerated_networking": "false",
                            "enable_ip_forwarding": "false",
                            "id": "/subscriptions/f68f7929-7edd-453f-8ae5-b0bc3add920f/resourceGroups/dev-group/providers/Microsoft.Network/networkInterfaces/NIC",
                            "internal_dns_name_label": "",
                            "internal_fqdn": "",
                            "ip_configuration.#": "1",
                            "ip_configuration.0.application_gateway_backend_address_pools_ids.#": "0",
                            "ip_configuration.0.application_security_group_ids.#": "0",
                            "ip_configuration.0.load_balancer_backend_address_pools_ids.#": "0",
                            "ip_configuration.0.load_balancer_inbound_nat_rules_ids.#": "0",
                            "ip_configuration.0.name": "NicConfiguration",
                            "ip_configuration.0.primary": "true",
                            "ip_configuration.0.private_ip_address": "",
                            "ip_configuration.0.private_ip_address_allocation": "dynamic",
                            "ip_configuration.0.public_ip_address_id": "/subscriptions/f68f7929-7edd-453f-8ae5-b0bc3add920f/resourceGroups/dev-group/providers/Microsoft.Network/publicIPAddresses/publicIP1",
                            "ip_configuration.0.subnet_id": "/subscriptions/f68f7929-7edd-453f-8ae5-b0bc3add920f/resourceGroups/dev-group/providers/Microsoft.Network/virtualNetworks/dev-network/subnets/subnet1",
                            "location": "ukwest",
                            "mac_address": "",
                            "name": "NIC",
                            "network_security_group_id": "",
                            "private_ip_address": "10.0.1.4",
                            "private_ip_addresses.#": "1",
                            "private_ip_addresses.0": "10.0.1.4",
                            "resource_group_name": "dev-group",
                            "tags.%": "0"
                        },
                        "meta": {},
                        "tainted": false
                    },
                    "deposed": [],
                    "provider": "provider.azurerm"
                },
                "azurerm_network_security_group.master-sg": {
                    "type": "azurerm_network_security_group",
                    "depends_on": [
                        "azurerm_resource_group.dev-group"
                    ],
                    "primary": {
                        "id": "/subscriptions/f68f7929-7edd-453f-8ae5-b0bc3add920f/resourceGroups/dev-group/providers/Microsoft.Network/networkSecurityGroups/master-sg",
                        "attributes": {
                            "id": "/subscriptions/f68f7929-7edd-453f-8ae5-b0bc3add920f/resourceGroups/dev-group/providers/Microsoft.Network/networkSecurityGroups/master-sg",
                            "location": "ukwest",
                            "name": "master-sg",
                            "resource_group_name": "dev-group",
                            "security_rule.#": "1",
                            "security_rule.2090309246.access": "Allow",
                            "security_rule.2090309246.description": "",
                            "security_rule.2090309246.destination_address_prefix": "*",
                            "security_rule.2090309246.destination_address_prefixes.#": "0",
                            "security_rule.2090309246.destination_application_security_group_ids.#": "0",
                            "security_rule.2090309246.destination_port_range": "22",
                            "security_rule.2090309246.destination_port_ranges.#": "0",
                            "security_rule.2090309246.direction": "Inbound",
                            "security_rule.2090309246.name": "SSH",
                            "security_rule.2090309246.priority": "1001",
                            "security_rule.2090309246.protocol": "Tcp",
                            "security_rule.2090309246.source_address_prefix": "*",
                            "security_rule.2090309246.source_address_prefixes.#": "0",
                            "security_rule.2090309246.source_application_security_group_ids.#": "0",
                            "security_rule.2090309246.source_port_range": "*",
                            "security_rule.2090309246.source_port_ranges.#": "0",
                            "tags.%": "0"
                        },
                        "meta": {},
                        "tainted": false
                    },
                    "deposed": [],
                    "provider": "provider.azurerm"
                },
                "azurerm_public_ip.publicIP1": {
                    "type": "azurerm_public_ip",
                    "depends_on": [
                        "azurerm_resource_group.dev-group"
                    ],
                    "primary": {
                        "id": "/subscriptions/f68f7929-7edd-453f-8ae5-b0bc3add920f/resourceGroups/dev-group/providers/Microsoft.Network/publicIPAddresses/publicIP1",
                        "attributes": {
                            "id": "/subscriptions/f68f7929-7edd-453f-8ae5-b0bc3add920f/resourceGroups/dev-group/providers/Microsoft.Network/publicIPAddresses/publicIP1",
                            "ip_address": "",
                            "location": "ukwest",
                            "name": "publicIP1",
                            "public_ip_address_allocation": "dynamic",
                            "resource_group_name": "dev-group",
                            "sku": "Basic",
                            "tags.%": "0",
                            "zones.#": "0"
                        },
                        "meta": {},
                        "tainted": false
                    },
                    "deposed": [],
                    "provider": "provider.azurerm"
                },
                "azurerm_resource_group.dev-group": {
                    "type": "azurerm_resource_group",
                    "depends_on": [],
                    "primary": {
                        "id": "/subscriptions/f68f7929-7edd-453f-8ae5-b0bc3add920f/resourceGroups/dev-group",
                        "attributes": {
                            "id": "/subscriptions/f68f7929-7edd-453f-8ae5-b0bc3add920f/resourceGroups/dev-group",
                            "location": "ukwest",
                            "name": "dev-group",
                            "tags.%": "0"
                        },
                        "meta": {},
                        "tainted": false
                    },
                    "deposed": [],
                    "provider": "provider.azurerm"
                },
                "azurerm_subnet.subnet1": {
                    "type": "azurerm_subnet",
                    "depends_on": [
                        "azurerm_resource_group.dev-group",
                        "azurerm_virtual_network.dev-network"
                    ],
                    "primary": {
                        "id": "/subscriptions/f68f7929-7edd-453f-8ae5-b0bc3add920f/resourceGroups/dev-group/providers/Microsoft.Network/virtualNetworks/dev-network/subnets/subnet1",
                        "attributes": {
                            "address_prefix": "10.0.1.0/24",
                            "id": "/subscriptions/f68f7929-7edd-453f-8ae5-b0bc3add920f/resourceGroups/dev-group/providers/Microsoft.Network/virtualNetworks/dev-network/subnets/subnet1",
                            "ip_configurations.#": "0",
                            "name": "subnet1",
                            "resource_group_name": "dev-group",
                            "service_endpoints.#": "0",
                            "virtual_network_name": "dev-network"
                        },
                        "meta": {},
                        "tainted": false
                    },
                    "deposed": [],
                    "provider": "provider.azurerm"
                },
                "azurerm_subnet.subnet2": {
                    "type": "azurerm_subnet",
                    "depends_on": [
                        "azurerm_resource_group.dev-group",
                        "azurerm_virtual_network.dev-network"
                    ],
                    "primary": {
                        "id": "/subscriptions/f68f7929-7edd-453f-8ae5-b0bc3add920f/resourceGroups/dev-group/providers/Microsoft.Network/virtualNetworks/dev-network/subnets/subnet2",
                        "attributes": {
                            "address_prefix": "10.0.2.0/24",
                            "id": "/subscriptions/f68f7929-7edd-453f-8ae5-b0bc3add920f/resourceGroups/dev-group/providers/Microsoft.Network/virtualNetworks/dev-network/subnets/subnet2",
                            "ip_configurations.#": "0",
                            "name": "subnet2",
                            "resource_group_name": "dev-group",
                            "service_endpoints.#": "0",
                            "virtual_network_name": "dev-network"
                        },
                        "meta": {},
                        "tainted": false
                    },
                    "deposed": [],
                    "provider": "provider.azurerm"
                },
                "azurerm_subnet.subnet3": {
                    "type": "azurerm_subnet",
                    "depends_on": [
                        "azurerm_resource_group.dev-group",
                        "azurerm_virtual_network.dev-network"
                    ],
                    "primary": {
                        "id": "/subscriptions/f68f7929-7edd-453f-8ae5-b0bc3add920f/resourceGroups/dev-group/providers/Microsoft.Network/virtualNetworks/dev-network/subnets/subnet3",
                        "attributes": {
                            "address_prefix": "10.0.3.0/24",
                            "id": "/subscriptions/f68f7929-7edd-453f-8ae5-b0bc3add920f/resourceGroups/dev-group/providers/Microsoft.Network/virtualNetworks/dev-network/subnets/subnet3",
                            "ip_configurations.#": "0",
                            "name": "subnet3",
                            "resource_group_name": "dev-group",
                            "service_endpoints.#": "0",
                            "virtual_network_name": "dev-network"
                        },
                        "meta": {},
                        "tainted": false
                    },
                    "deposed": [],
                    "provider": "provider.azurerm"
                },
                "azurerm_virtual_network.dev-network": {
                    "type": "azurerm_virtual_network",
                    "depends_on": [
                        "azurerm_resource_group.dev-group"
                    ],
                    "primary": {
                        "id": "/subscriptions/f68f7929-7edd-453f-8ae5-b0bc3add920f/resourceGroups/dev-group/providers/Microsoft.Network/virtualNetworks/dev-network",
                        "attributes": {
                            "address_space.#": "1",
                            "address_space.0": "10.0.0.0/16",
                            "dns_servers.#": "0",
                            "id": "/subscriptions/f68f7929-7edd-453f-8ae5-b0bc3add920f/resourceGroups/dev-group/providers/Microsoft.Network/virtualNetworks/dev-network",
                            "location": "ukwest",
                            "name": "dev-network",
                            "resource_group_name": "dev-group",
                            "subnet.#": "3",
                            "subnet.1472110187.address_prefix": "10.0.1.0/24",
                            "subnet.1472110187.name": "subnet1",
                            "subnet.1472110187.security_group": "",
                            "subnet.2796830261.address_prefix": "10.0.2.0/24",
                            "subnet.2796830261.name": "subnet2",
                            "subnet.2796830261.security_group": "",
                            "subnet.4132282879.address_prefix": "10.0.3.0/24",
                            "subnet.4132282879.name": "subnet3",
                            "subnet.4132282879.security_group": "",
                            "tags.%": "0"
                        },
                        "meta": {},
                        "tainted": false
                    },
                    "deposed": [],
                    "provider": "provider.azurerm"
                }
            },
            "depends_on": []
        }
    ]
}
